
Microsoft Visual Studio Solution File, Format Version 12.00
# Visual Studio Version 17
VisualStudioVersion = 17.13.35828.75
MinimumVisualStudioVersion = 10.0.40219.1
Project("{8BC9CEB8-8B4A-11D0-8D11-00A0C91BC942}") = "LabProject00", "LabProject00\LabProject00.vcxproj", "{1DA3E2D0-0D93-46F6-A363-A8D910285715}"
EndProject
Project("{8BC9CEB8-8B4A-11D0-8D11-00A0C91BC942}") = "LabProject01", "LabProject01\LabProject01.vcxproj", "{DFCE4498-E77C-4526-A3C1-A06CDEF325B2}"
EndProject
Project("{8BC9CEB8-8B4A-11D0-8D11-00A0C91BC942}") = "LabProject02-1", "LabProject02-1\LabProject02-1.vcxproj", "{7BDEBE22-19B0-498F-B94D-050498146190}"
EndProject
Project("{8BC9CEB8-8B4A-11D0-8D11-00A0C91BC942}") = "LabProject02", "LabProject02\LabProject02.vcxproj", "{1AB41C16-2FAE-403C-BB11-6FA205062D8F}"
EndProject
Project("{8BC9CEB8-8B4A-11D0-8D11-00A0C91BC942}") = "LabProject03", "LabProject03\LabProject03.vcxproj", "{60AF40A5-5CB9-4197-8AA0-BDFD2158B9EC}"
EndProject
Project("{8BC9CEB8-8B4A-11D0-8D11-00A0C91BC942}") = "LabProject04", "LabProject04\LabProject04.vcxproj", "{789F9260-FD8C-47B3-9C4E-B631F67C168E}"
EndProject
Global
	GlobalSection(SolutionConfigurationPlatforms) = preSolution
		Debug|x64 = Debug|x64
		Debug|x86 = Debug|x86
		Release|x64 = Release|x64
		Release|x86 = Release|x86
	EndGlobalSection
	GlobalSection(ProjectConfigurationPlatforms) = postSolution
		{1DA3E2D0-0D93-46F6-A363-A8D910285715}.Debug|x64.ActiveCfg = Debug|x64
		{1DA3E2D0-0D93-46F6-A363-A8D910285715}.Debug|x64.Build.0 = Debug|x64
		{1DA3E2D0-0D93-46F6-A363-A8D910285715}.Debug|x86.ActiveCfg = Debug|Win32
		{1DA3E2D0-0D93-46F6-A363-A8D910285715}.Debug|x86.Build.0 = Debug|Win32
		{1DA3E2D0-0D93-46F6-A363-A8D910285715}.Release|x64.ActiveCfg = Release|x64
		{1DA3E2D0-0D93-46F6-A363-A8D910285715}.Release|x64.Build.0 = Release|x64
		{1DA3E2D0-0D93-46F6-A363-A8D910285715}.Release|x86.ActiveCfg = Release|Win32
		{1DA3E2D0-0D93-46F6-A363-A8D910285715}.Release|x86.Build.0 = Release|Win32
		{DFCE4498-E77C-4526-A3C1-A06CDEF325B2}.Debug|x64.ActiveCfg = Debug|x64
		{DFCE4498-E77C-4526-A3C1-A06CDEF325B2}.Debug|x64.Build.0 = Debug|x64
		{DFCE4498-E77C-4526-A3C1-A06CDEF325B2}.Debug|x86.ActiveCfg = Debug|Win32
		{DFCE4498-E77C-4526-A3C1-A06CDEF325B2}.Debug|x86.Build.0 = Debug|Win32
		{DFCE4498-E77C-4526-A3C1-A06CDEF325B2}.Release|x64.ActiveCfg = Release|x64
		{DFCE4498-E77C-4526-A3C1-A06CDEF325B2}.Release|x64.Build.0 = Release|x64
		{DFCE4498-E77C-4526-A3C1-A06CDEF325B2}.Release|x86.ActiveCfg = Release|Win32
		{DFCE4498-E77C-4526-A3C1-A06CDEF325B2}.Release|x86.Build.0 = Release|Win32
		{7BDEBE22-19B0-498F-B94D-050498146190}.Debug|x64.ActiveCfg = Debug|x64
		{7BDEBE22-19B0-498F-B94D-050498146190}.Debug|x64.Build.0 = Debug|x64
		{7BDEBE22-19B0-498F-B94D-050498146190}.Debug|x86.ActiveCfg = Debug|Win32
		{7BDEBE22-19B0-498F-B94D-050498146190}.Debug|x86.Build.0 = Debug|Win32
		{7BDEBE22-19B0-498F-B94D-050498146190}.Release|x64.ActiveCfg = Release|x64
		{7BDEBE22-19B0-498F-B94D-050498146190}.Release|x64.Build.0 = Release|x64
		{7BDEBE22-19B0-498F-B94D-050498146190}.Release|x86.ActiveCfg = Release|Win32
		{7BDEBE22-19B0-498F-B94D-050498146190}.Release|x86.Build.0 = Release|Win32
		{1AB41C16-2FAE-403C-BB11-6FA205062D8F}.Debug|x64.ActiveCfg = Debug|x64
		{1AB41C16-2FAE-403C-BB11-6FA205062D8F}.Debug|x64.Build.0 = Debug|x64
		{1AB41C16-2FAE-403C-BB11-6FA205062D8F}.Debug|x86.ActiveCfg = Debug|Win32
		{1AB41C16-2FAE-403C-BB11-6FA205062D8F}.Debug|x86.Build.0 = Debug|Win32
		{1AB41C16-2FAE-403C-BB11-6FA205062D8F}.Release|x64.ActiveCfg = Release|x64
		{1AB41C16-2FAE-403C-BB11-6FA205062D8F}.Release|x64.Build.0 = Release|x64
		{1AB41C16-2FAE-403C-BB11-6FA205062D8F}.Release|x86.ActiveCfg = Release|Win32
		{1AB41C16-2FAE-403C-BB11-6FA205062D8F}.Release|x86.Build.0 = Release|Win32
		{60AF40A5-5CB9-4197-8AA0-BDFD2158B9EC}.Debug|x64.ActiveCfg = Debug|x64
		{60AF40A5-5CB9-4197-8AA0-BDFD2158B9EC}.Debug|x64.Build.0 = Debug|x64
		{60AF40A5-5CB9-4197-8AA0-BDFD2158B9EC}.Debug|x86.ActiveCfg = Debug|Win32
		{60AF40A5-5CB9-4197-8AA0-BDFD2158B9EC}.Debug|x86.Build.0 = Debug|Win32
		{60AF40A5-5CB9-4197-8AA0-BDFD2158B9EC}.Release|x64.ActiveCfg = Release|x64
		{60AF40A5-5CB9-4197-8AA0-BDFD2158B9EC}.Release|x64.Build.0 = Release|x64
		{60AF40A5-5CB9-4197-8AA0-BDFD2158B9EC}.Release|x86.ActiveCfg = Release|Win32
		{60AF40A5-5CB9-4197-8AA0-BDFD2158B9EC}.Release|x86.Build.0 = Release|Win32
		{789F9260-FD8C-47B3-9C4E-B631F67C168E}.Debug|x64.ActiveCfg = Debug|x64
		{789F9260-FD8C-47B3-9C4E-B631F67C168E}.Debug|x64.Build.0 = Debug|x64
		{789F9260-FD8C-47B3-9C4E-B631F67C168E}.Debug|x86.ActiveCfg = Debug|Win32
		{789F9260-FD8C-47B3-9C4E-B631F67C168E}.Debug|x86.Build.0 = Debug|Win32
		{789F9260-FD8C-47B3-9C4E-B631F67C168E}.Release|x64.ActiveCfg = Release|x64
		{789F9260-FD8C-47B3-9C4E-B631F67C168E}.Release|x64.Build.0 = Release|x64
		{789F9260-FD8C-47B3-9C4E-B631F67C168E}.Release|x86.ActiveCfg = Release|Win32
		{789F9260-FD8C-47B3-9C4E-B631F67C168E}.Release|x86.Build.0 = Release|Win32
	EndGlobalSection
	GlobalSection(SolutionProperties) = preSolution
		HideSolutionNode = FALSE
	EndGlobalSection
	GlobalSection(ExtensibilityGlobals) = postSolution
		SolutionGuid = {F9B2B70C-7891-4F9E-B80F-3485D789A416}
	EndGlobalSection
EndGlobal
